{
  "version": 4,
  "terraform_version": "1.6.4",
  "serial": 474,
  "lineage": "9d8d3e96-5795-43cc-ac69-0d75b93c6481",
  "outputs": {},
  "resources": [
    {
      "mode": "managed",
      "type": "aws_eip",
      "name": "nat",
      "provider": "provider[\"registry.terraform.io/hashicorp/aws\"]",
      "instances": [
        {
          "schema_version": 0,
          "attributes": {
            "address": null,
            "allocation_id": "eipalloc-01dc9f3c65aa70638",
            "associate_with_private_ip": null,
            "association_id": "",
            "carrier_ip": "",
            "customer_owned_ip": "",
            "customer_owned_ipv4_pool": "",
            "domain": "vpc",
            "id": "eipalloc-01dc9f3c65aa70638",
            "instance": "",
            "network_border_group": "us-west-1",
            "network_interface": "",
            "private_dns": null,
            "private_ip": "",
            "public_dns": "ec2-54-176-6-171.us-west-1.compute.amazonaws.com",
            "public_ip": "54.176.6.171",
            "public_ipv4_pool": "amazon",
            "tags": null,
            "tags_all": {},
            "timeouts": null,
            "vpc": true
          },
          "sensitive_attributes": [],
          "private": "eyJlMmJmYjczMC1lY2FhLTExZTYtOGY4OC0zNDM2M2JjN2M0YzAiOnsiZGVsZXRlIjoxODAwMDAwMDAwMDAsInJlYWQiOjkwMDAwMDAwMDAwMCwidXBkYXRlIjozMDAwMDAwMDAwMDB9fQ=="
        }
      ]
    },
    {
      "mode": "managed",
      "type": "aws_instance",
      "name": "private_instance",
      "provider": "provider[\"registry.terraform.io/hashicorp/aws\"]",
      "instances": [
        {
          "schema_version": 1,
          "attributes": {
            "ami": "ami-0f03c2e51408a636c",
            "arn": "arn:aws:ec2:us-west-1:377988877733:instance/i-0718809b915f5c3b3",
            "associate_public_ip_address": false,
            "availability_zone": "us-west-1b",
            "capacity_reservation_specification": [
              {
                "capacity_reservation_preference": "open",
                "capacity_reservation_target": []
              }
            ],
            "cpu_core_count": 1,
            "cpu_options": [
              {
                "amd_sev_snp": "",
                "core_count": 1,
                "threads_per_core": 1
              }
            ],
            "cpu_threads_per_core": 1,
            "credit_specification": [
              {
                "cpu_credits": "standard"
              }
            ],
            "disable_api_stop": false,
            "disable_api_termination": false,
            "ebs_block_device": [],
            "ebs_optimized": false,
            "enclave_options": [
              {
                "enabled": false
              }
            ],
            "ephemeral_block_device": [],
            "get_password_data": false,
            "hibernation": false,
            "host_id": "",
            "host_resource_group_arn": null,
            "iam_instance_profile": "",
            "id": "i-0718809b915f5c3b3",
            "instance_initiated_shutdown_behavior": "stop",
            "instance_lifecycle": "",
            "instance_market_options": [],
            "instance_state": "running",
            "instance_type": "t2.micro",
            "ipv6_address_count": 0,
            "ipv6_addresses": [],
            "key_name": "ec2-key",
            "launch_template": [],
            "maintenance_options": [
              {
                "auto_recovery": "default"
              }
            ],
            "metadata_options": [
              {
                "http_endpoint": "enabled",
                "http_protocol_ipv6": "disabled",
                "http_put_response_hop_limit": 1,
                "http_tokens": "optional",
                "instance_metadata_tags": "disabled"
              }
            ],
            "monitoring": false,
            "network_interface": [],
            "outpost_arn": "",
            "password_data": "",
            "placement_group": "",
            "placement_partition_number": 0,
            "primary_network_interface_id": "eni-0612bcb44d684460b",
            "private_dns": "ip-10-0-2-109.us-west-1.compute.internal",
            "private_dns_name_options": [
              {
                "enable_resource_name_dns_a_record": false,
                "enable_resource_name_dns_aaaa_record": false,
                "hostname_type": "ip-name"
              }
            ],
            "private_ip": "10.0.2.109",
            "public_dns": "",
            "public_ip": "",
            "root_block_device": [
              {
                "delete_on_termination": true,
                "device_name": "/dev/xvda",
                "encrypted": false,
                "iops": 3000,
                "kms_key_id": "",
                "tags": {},
                "throughput": 125,
                "volume_id": "vol-0683b9ab27496252d",
                "volume_size": 45,
                "volume_type": "gp3"
              }
            ],
            "secondary_private_ips": [],
            "security_groups": [],
            "source_dest_check": true,
            "spot_instance_request_id": "",
            "subnet_id": "subnet-0bdf83a85ae305ab3",
            "tags": {
              "Name": "Private Instance"
            },
            "tags_all": {
              "Name": "Private Instance"
            },
            "tenancy": "default",
            "timeouts": null,
            "user_data": "c98bec670094d498cf85ba14b956001129c627e2",
            "user_data_base64": null,
            "user_data_replace_on_change": false,
            "volume_tags": null,
            "vpc_security_group_ids": [
              "sg-04f5b1c0403041e78"
            ]
          },
          "sensitive_attributes": [],
          "private": "eyJlMmJmYjczMC1lY2FhLTExZTYtOGY4OC0zNDM2M2JjN2M0YzAiOnsiY3JlYXRlIjo2MDAwMDAwMDAwMDAsImRlbGV0ZSI6MTIwMDAwMDAwMDAwMCwidXBkYXRlIjo2MDAwMDAwMDAwMDB9LCJzY2hlbWFfdmVyc2lvbiI6IjEifQ==",
          "dependencies": [
            "aws_key_pair.ec2_key_pair",
            "aws_security_group.sg",
            "aws_subnet.private_subnet",
            "aws_vpc.main",
            "tls_private_key.ssh_key"
          ]
        }
      ]
    },
    {
      "mode": "managed",
      "type": "aws_instance",
      "name": "public_instance",
      "provider": "provider[\"registry.terraform.io/hashicorp/aws\"]",
      "instances": [
        {
          "schema_version": 1,
          "attributes": {
            "ami": "ami-0f03c2e51408a636c",
            "arn": "arn:aws:ec2:us-west-1:377988877733:instance/i-0a9664489b8683fdd",
            "associate_public_ip_address": true,
            "availability_zone": "us-west-1b",
            "capacity_reservation_specification": [
              {
                "capacity_reservation_preference": "open",
                "capacity_reservation_target": []
              }
            ],
            "cpu_core_count": 1,
            "cpu_options": [
              {
                "amd_sev_snp": "",
                "core_count": 1,
                "threads_per_core": 2
              }
            ],
            "cpu_threads_per_core": 2,
            "credit_specification": [
              {
                "cpu_credits": "unlimited"
              }
            ],
            "disable_api_stop": false,
            "disable_api_termination": false,
            "ebs_block_device": [],
            "ebs_optimized": false,
            "enclave_options": [
              {
                "enabled": false
              }
            ],
            "ephemeral_block_device": [],
            "get_password_data": false,
            "hibernation": false,
            "host_id": "",
            "host_resource_group_arn": null,
            "iam_instance_profile": "",
            "id": "i-0a9664489b8683fdd",
            "instance_initiated_shutdown_behavior": "stop",
            "instance_lifecycle": "",
            "instance_market_options": [],
            "instance_state": "running",
            "instance_type": "t3.micro",
            "ipv6_address_count": 0,
            "ipv6_addresses": [],
            "key_name": "ec2-key",
            "launch_template": [],
            "maintenance_options": [
              {
                "auto_recovery": "default"
              }
            ],
            "metadata_options": [
              {
                "http_endpoint": "enabled",
                "http_protocol_ipv6": "disabled",
                "http_put_response_hop_limit": 1,
                "http_tokens": "optional",
                "instance_metadata_tags": "disabled"
              }
            ],
            "monitoring": false,
            "network_interface": [],
            "outpost_arn": "",
            "password_data": "",
            "placement_group": "",
            "placement_partition_number": 0,
            "primary_network_interface_id": "eni-0a6e0848106cddbc7",
            "private_dns": "ip-10-0-1-166.us-west-1.compute.internal",
            "private_dns_name_options": [
              {
                "enable_resource_name_dns_a_record": false,
                "enable_resource_name_dns_aaaa_record": false,
                "hostname_type": "ip-name"
              }
            ],
            "private_ip": "10.0.1.166",
            "public_dns": "",
            "public_ip": "54.67.9.102",
            "root_block_device": [
              {
                "delete_on_termination": true,
                "device_name": "/dev/xvda",
                "encrypted": false,
                "iops": 3000,
                "kms_key_id": "",
                "tags": {},
                "throughput": 125,
                "volume_id": "vol-03af2768a6e2f3703",
                "volume_size": 45,
                "volume_type": "gp3"
              }
            ],
            "secondary_private_ips": [],
            "security_groups": [],
            "source_dest_check": true,
            "spot_instance_request_id": "",
            "subnet_id": "subnet-0bfa3631c1adba2a8",
            "tags": {
              "Name": "Public Instance"
            },
            "tags_all": {
              "Name": "Public Instance"
            },
            "tenancy": "default",
            "timeouts": null,
            "user_data": null,
            "user_data_base64": null,
            "user_data_replace_on_change": false,
            "volume_tags": null,
            "vpc_security_group_ids": [
              "sg-04f5b1c0403041e78"
            ]
          },
          "sensitive_attributes": [],
          "private": "eyJlMmJmYjczMC1lY2FhLTExZTYtOGY4OC0zNDM2M2JjN2M0YzAiOnsiY3JlYXRlIjo2MDAwMDAwMDAwMDAsImRlbGV0ZSI6MTIwMDAwMDAwMDAwMCwidXBkYXRlIjo2MDAwMDAwMDAwMDB9LCJzY2hlbWFfdmVyc2lvbiI6IjEifQ==",
          "dependencies": [
            "aws_key_pair.ec2_key_pair",
            "aws_security_group.sg",
            "aws_subnet.public_subnet",
            "aws_vpc.main",
            "tls_private_key.ssh_key"
          ]
        }
      ]
    },
    {
      "mode": "managed",
      "type": "aws_internet_gateway",
      "name": "gw",
      "provider": "provider[\"registry.terraform.io/hashicorp/aws\"]",
      "instances": [
        {
          "schema_version": 0,
          "attributes": {
            "arn": "arn:aws:ec2:us-west-1:377988877733:internet-gateway/igw-0529bfc26a58bc9ce",
            "id": "igw-0529bfc26a58bc9ce",
            "owner_id": "377988877733",
            "tags": null,
            "tags_all": {},
            "timeouts": null,
            "vpc_id": "vpc-0c8de4d15ba2998ce"
          },
          "sensitive_attributes": [],
          "private": "eyJlMmJmYjczMC1lY2FhLTExZTYtOGY4OC0zNDM2M2JjN2M0YzAiOnsiY3JlYXRlIjoxMjAwMDAwMDAwMDAwLCJkZWxldGUiOjEyMDAwMDAwMDAwMDAsInVwZGF0ZSI6MTIwMDAwMDAwMDAwMH19",
          "dependencies": [
            "aws_vpc.main"
          ]
        }
      ]
    },
    {
      "mode": "managed",
      "type": "aws_key_pair",
      "name": "ec2_key_pair",
      "provider": "provider[\"registry.terraform.io/hashicorp/aws\"]",
      "instances": [
        {
          "schema_version": 1,
          "attributes": {
            "arn": "arn:aws:ec2:us-west-1:377988877733:key-pair/ec2-key",
            "fingerprint": "ef:9b:f7:f5:46:6f:2b:31:f6:ea:cc:d5:7a:e8:e6:ef",
            "id": "ec2-key",
            "key_name": "ec2-key",
            "key_name_prefix": "",
            "key_pair_id": "key-04187c623561c901d",
            "key_type": "rsa",
            "public_key": "ssh-rsa AAAAB3NzaC1yc2EAAAADAQABAAABAQC/OK0lZabG9/bbQBBSlNhhtYfj0aQgPQ0I5+FGFid7cB9t1mpeQnEc7ZFXMdGVU/azkMjATeXPsdMr/uzLP28H/VNSy/OcdoXxNsef4zhhLGTyDs1DIEY8YJm09eTzDgzVzC8+Lfd+SF1zbmxyEOqxUovYfBSv8fUOG3Vzjni0r6cNDbguISzfk/N12Izr+Rip6XBIrx2ncCNkWPQ6cHq9D/s/8fru2HPK8N+8vaFYTfNyHWEcw2SfzVBWj8MaBUbiKbW2Yfs6etvTPobdpynk5UMgfrMqCwGw36qjQfiNyTMlTc+JEC7dn9/fsNUiXgUh5xEuM/hBg1fKZJYB1Mc3",
            "tags": null,
            "tags_all": {}
          },
          "sensitive_attributes": [],
          "private": "eyJzY2hlbWFfdmVyc2lvbiI6IjEifQ==",
          "dependencies": [
            "tls_private_key.ssh_key"
          ]
        }
      ]
    },
    {
      "mode": "managed",
      "type": "aws_nat_gateway",
      "name": "nat",
      "provider": "provider[\"registry.terraform.io/hashicorp/aws\"]",
      "instances": [
        {
          "schema_version": 0,
          "attributes": {
            "allocation_id": "eipalloc-01dc9f3c65aa70638",
            "association_id": "eipassoc-059cd79d1e69be391",
            "connectivity_type": "public",
            "id": "nat-0aad7baad796b77e7",
            "network_interface_id": "eni-0419de7bcc5278bec",
            "private_ip": "10.0.1.241",
            "public_ip": "54.176.6.171",
            "secondary_allocation_ids": null,
            "secondary_private_ip_address_count": 0,
            "secondary_private_ip_addresses": [],
            "subnet_id": "subnet-0bfa3631c1adba2a8",
            "tags": null,
            "tags_all": {},
            "timeouts": null
          },
          "sensitive_attributes": [],
          "private": "eyJlMmJmYjczMC1lY2FhLTExZTYtOGY4OC0zNDM2M2JjN2M0YzAiOnsiY3JlYXRlIjo2MDAwMDAwMDAwMDAsImRlbGV0ZSI6MTgwMDAwMDAwMDAwMCwidXBkYXRlIjo2MDAwMDAwMDAwMDB9fQ==",
          "dependencies": [
            "aws_eip.nat",
            "aws_subnet.public_subnet",
            "aws_vpc.main"
          ]
        }
      ]
    },
    {
      "mode": "managed",
      "type": "aws_route_table",
      "name": "private",
      "provider": "provider[\"registry.terraform.io/hashicorp/aws\"]",
      "instances": [
        {
          "schema_version": 0,
          "attributes": {
            "arn": "arn:aws:ec2:us-west-1:377988877733:route-table/rtb-0ed90a79e98e77a8a",
            "id": "rtb-0ed90a79e98e77a8a",
            "owner_id": "377988877733",
            "propagating_vgws": [],
            "route": [
              {
                "carrier_gateway_id": "",
                "cidr_block": "0.0.0.0/0",
                "core_network_arn": "",
                "destination_prefix_list_id": "",
                "egress_only_gateway_id": "",
                "gateway_id": "",
                "ipv6_cidr_block": "",
                "local_gateway_id": "",
                "nat_gateway_id": "nat-0aad7baad796b77e7",
                "network_interface_id": "",
                "transit_gateway_id": "",
                "vpc_endpoint_id": "",
                "vpc_peering_connection_id": ""
              }
            ],
            "tags": null,
            "tags_all": {},
            "timeouts": null,
            "vpc_id": "vpc-0c8de4d15ba2998ce"
          },
          "sensitive_attributes": [],
          "private": "eyJlMmJmYjczMC1lY2FhLTExZTYtOGY4OC0zNDM2M2JjN2M0YzAiOnsiY3JlYXRlIjozMDAwMDAwMDAwMDAsImRlbGV0ZSI6MzAwMDAwMDAwMDAwLCJ1cGRhdGUiOjEyMDAwMDAwMDAwMH19",
          "dependencies": [
            "aws_eip.nat",
            "aws_nat_gateway.nat",
            "aws_subnet.public_subnet",
            "aws_vpc.main"
          ]
        }
      ]
    },
    {
      "mode": "managed",
      "type": "aws_route_table",
      "name": "public",
      "provider": "provider[\"registry.terraform.io/hashicorp/aws\"]",
      "instances": [
        {
          "schema_version": 0,
          "attributes": {
            "arn": "arn:aws:ec2:us-west-1:377988877733:route-table/rtb-0edd4f522bbbb4e45",
            "id": "rtb-0edd4f522bbbb4e45",
            "owner_id": "377988877733",
            "propagating_vgws": [],
            "route": [
              {
                "carrier_gateway_id": "",
                "cidr_block": "0.0.0.0/0",
                "core_network_arn": "",
                "destination_prefix_list_id": "",
                "egress_only_gateway_id": "",
                "gateway_id": "igw-0529bfc26a58bc9ce",
                "ipv6_cidr_block": "",
                "local_gateway_id": "",
                "nat_gateway_id": "",
                "network_interface_id": "",
                "transit_gateway_id": "",
                "vpc_endpoint_id": "",
                "vpc_peering_connection_id": ""
              }
            ],
            "tags": null,
            "tags_all": {},
            "timeouts": null,
            "vpc_id": "vpc-0c8de4d15ba2998ce"
          },
          "sensitive_attributes": [],
          "private": "eyJlMmJmYjczMC1lY2FhLTExZTYtOGY4OC0zNDM2M2JjN2M0YzAiOnsiY3JlYXRlIjozMDAwMDAwMDAwMDAsImRlbGV0ZSI6MzAwMDAwMDAwMDAwLCJ1cGRhdGUiOjEyMDAwMDAwMDAwMH19",
          "dependencies": [
            "aws_internet_gateway.gw",
            "aws_vpc.main"
          ]
        }
      ]
    },
    {
      "mode": "managed",
      "type": "aws_route_table_association",
      "name": "private",
      "provider": "provider[\"registry.terraform.io/hashicorp/aws\"]",
      "instances": [
        {
          "schema_version": 0,
          "attributes": {
            "gateway_id": "",
            "id": "rtbassoc-0a73b5a3a7567e4b5",
            "route_table_id": "rtb-0ed90a79e98e77a8a",
            "subnet_id": "subnet-0bdf83a85ae305ab3",
            "timeouts": null
          },
          "sensitive_attributes": [],
          "private": "eyJlMmJmYjczMC1lY2FhLTExZTYtOGY4OC0zNDM2M2JjN2M0YzAiOnsiY3JlYXRlIjozMDAwMDAwMDAwMDAsImRlbGV0ZSI6MzAwMDAwMDAwMDAwLCJ1cGRhdGUiOjEyMDAwMDAwMDAwMH19",
          "dependencies": [
            "aws_eip.nat",
            "aws_nat_gateway.nat",
            "aws_route_table.private",
            "aws_subnet.private_subnet",
            "aws_subnet.public_subnet",
            "aws_vpc.main"
          ]
        }
      ]
    },
    {
      "mode": "managed",
      "type": "aws_route_table_association",
      "name": "public",
      "provider": "provider[\"registry.terraform.io/hashicorp/aws\"]",
      "instances": [
        {
          "schema_version": 0,
          "attributes": {
            "gateway_id": "",
            "id": "rtbassoc-06b65ace410b6470b",
            "route_table_id": "rtb-0edd4f522bbbb4e45",
            "subnet_id": "subnet-0bfa3631c1adba2a8",
            "timeouts": null
          },
          "sensitive_attributes": [],
          "private": "eyJlMmJmYjczMC1lY2FhLTExZTYtOGY4OC0zNDM2M2JjN2M0YzAiOnsiY3JlYXRlIjozMDAwMDAwMDAwMDAsImRlbGV0ZSI6MzAwMDAwMDAwMDAwLCJ1cGRhdGUiOjEyMDAwMDAwMDAwMH19",
          "dependencies": [
            "aws_internet_gateway.gw",
            "aws_route_table.public",
            "aws_subnet.public_subnet",
            "aws_vpc.main"
          ]
        }
      ]
    },
    {
      "mode": "managed",
      "type": "aws_security_group",
      "name": "sg",
      "provider": "provider[\"registry.terraform.io/hashicorp/aws\"]",
      "instances": [
        {
          "schema_version": 1,
          "attributes": {
            "arn": "arn:aws:ec2:us-west-1:377988877733:security-group/sg-04f5b1c0403041e78",
            "description": "Managed by Terraform",
            "egress": [
              {
                "cidr_blocks": [
                  "0.0.0.0/0"
                ],
                "description": "",
                "from_port": 0,
                "ipv6_cidr_blocks": [],
                "prefix_list_ids": [],
                "protocol": "-1",
                "security_groups": [],
                "self": false,
                "to_port": 0
              }
            ],
            "id": "sg-04f5b1c0403041e78",
            "ingress": [
              {
                "cidr_blocks": [
                  "0.0.0.0/0"
                ],
                "description": "",
                "from_port": 22,
                "ipv6_cidr_blocks": [],
                "prefix_list_ids": [],
                "protocol": "tcp",
                "security_groups": [],
                "self": false,
                "to_port": 22
              },
              {
                "cidr_blocks": [
                  "0.0.0.0/0"
                ],
                "description": "",
                "from_port": 80,
                "ipv6_cidr_blocks": [],
                "prefix_list_ids": [],
                "protocol": "tcp",
                "security_groups": [],
                "self": false,
                "to_port": 80
              }
            ],
            "name": "terraform-20231130133639647100000001",
            "name_prefix": "terraform-",
            "owner_id": "377988877733",
            "revoke_rules_on_delete": false,
            "tags": null,
            "tags_all": {},
            "timeouts": null,
            "vpc_id": "vpc-0c8de4d15ba2998ce"
          },
          "sensitive_attributes": [],
          "private": "eyJlMmJmYjczMC1lY2FhLTExZTYtOGY4OC0zNDM2M2JjN2M0YzAiOnsiY3JlYXRlIjo2MDAwMDAwMDAwMDAsImRlbGV0ZSI6OTAwMDAwMDAwMDAwfSwic2NoZW1hX3ZlcnNpb24iOiIxIn0=",
          "dependencies": [
            "aws_vpc.main"
          ]
        }
      ]
    },
    {
      "mode": "managed",
      "type": "aws_subnet",
      "name": "private_subnet",
      "provider": "provider[\"registry.terraform.io/hashicorp/aws\"]",
      "instances": [
        {
          "schema_version": 1,
          "attributes": {
            "arn": "arn:aws:ec2:us-west-1:377988877733:subnet/subnet-0bdf83a85ae305ab3",
            "assign_ipv6_address_on_creation": false,
            "availability_zone": "us-west-1b",
            "availability_zone_id": "usw1-az3",
            "cidr_block": "10.0.2.0/24",
            "customer_owned_ipv4_pool": "",
            "enable_dns64": false,
            "enable_lni_at_device_index": 0,
            "enable_resource_name_dns_a_record_on_launch": false,
            "enable_resource_name_dns_aaaa_record_on_launch": false,
            "id": "subnet-0bdf83a85ae305ab3",
            "ipv6_cidr_block": "",
            "ipv6_cidr_block_association_id": "",
            "ipv6_native": false,
            "map_customer_owned_ip_on_launch": false,
            "map_public_ip_on_launch": false,
            "outpost_arn": "",
            "owner_id": "377988877733",
            "private_dns_hostname_type_on_launch": "ip-name",
            "tags": null,
            "tags_all": {},
            "timeouts": null,
            "vpc_id": "vpc-0c8de4d15ba2998ce"
          },
          "sensitive_attributes": [],
          "private": "eyJlMmJmYjczMC1lY2FhLTExZTYtOGY4OC0zNDM2M2JjN2M0YzAiOnsiY3JlYXRlIjo2MDAwMDAwMDAwMDAsImRlbGV0ZSI6MTIwMDAwMDAwMDAwMH0sInNjaGVtYV92ZXJzaW9uIjoiMSJ9",
          "dependencies": [
            "aws_vpc.main"
          ]
        }
      ]
    },
    {
      "mode": "managed",
      "type": "aws_subnet",
      "name": "public_subnet",
      "provider": "provider[\"registry.terraform.io/hashicorp/aws\"]",
      "instances": [
        {
          "schema_version": 1,
          "attributes": {
            "arn": "arn:aws:ec2:us-west-1:377988877733:subnet/subnet-0bfa3631c1adba2a8",
            "assign_ipv6_address_on_creation": false,
            "availability_zone": "us-west-1b",
            "availability_zone_id": "usw1-az3",
            "cidr_block": "10.0.1.0/24",
            "customer_owned_ipv4_pool": "",
            "enable_dns64": false,
            "enable_lni_at_device_index": 0,
            "enable_resource_name_dns_a_record_on_launch": false,
            "enable_resource_name_dns_aaaa_record_on_launch": false,
            "id": "subnet-0bfa3631c1adba2a8",
            "ipv6_cidr_block": "",
            "ipv6_cidr_block_association_id": "",
            "ipv6_native": false,
            "map_customer_owned_ip_on_launch": false,
            "map_public_ip_on_launch": true,
            "outpost_arn": "",
            "owner_id": "377988877733",
            "private_dns_hostname_type_on_launch": "ip-name",
            "tags": null,
            "tags_all": {},
            "timeouts": null,
            "vpc_id": "vpc-0c8de4d15ba2998ce"
          },
          "sensitive_attributes": [],
          "private": "eyJlMmJmYjczMC1lY2FhLTExZTYtOGY4OC0zNDM2M2JjN2M0YzAiOnsiY3JlYXRlIjo2MDAwMDAwMDAwMDAsImRlbGV0ZSI6MTIwMDAwMDAwMDAwMH0sInNjaGVtYV92ZXJzaW9uIjoiMSJ9",
          "dependencies": [
            "aws_vpc.main"
          ]
        }
      ]
    },
    {
      "mode": "managed",
      "type": "aws_vpc",
      "name": "main",
      "provider": "provider[\"registry.terraform.io/hashicorp/aws\"]",
      "instances": [
        {
          "schema_version": 1,
          "attributes": {
            "arn": "arn:aws:ec2:us-west-1:377988877733:vpc/vpc-0c8de4d15ba2998ce",
            "assign_generated_ipv6_cidr_block": false,
            "cidr_block": "10.0.0.0/16",
            "default_network_acl_id": "acl-0d5a4fa6bf658eb92",
            "default_route_table_id": "rtb-0f9dbb3bdf20c1e52",
            "default_security_group_id": "sg-091aaeebba6b37da1",
            "dhcp_options_id": "dopt-00133aa4d76b274c6",
            "enable_dns_hostnames": false,
            "enable_dns_support": true,
            "enable_network_address_usage_metrics": false,
            "id": "vpc-0c8de4d15ba2998ce",
            "instance_tenancy": "default",
            "ipv4_ipam_pool_id": null,
            "ipv4_netmask_length": null,
            "ipv6_association_id": "",
            "ipv6_cidr_block": "",
            "ipv6_cidr_block_network_border_group": "",
            "ipv6_ipam_pool_id": "",
            "ipv6_netmask_length": 0,
            "main_route_table_id": "rtb-0f9dbb3bdf20c1e52",
            "owner_id": "377988877733",
            "tags": null,
            "tags_all": {}
          },
          "sensitive_attributes": [],
          "private": "eyJzY2hlbWFfdmVyc2lvbiI6IjEifQ=="
        }
      ]
    },
    {
      "mode": "managed",
      "type": "local_file",
      "name": "private_key",
      "provider": "provider[\"registry.terraform.io/hashicorp/local\"]",
      "instances": [
        {
          "schema_version": 0,
          "attributes": {
            "content": "-----BEGIN RSA PRIVATE KEY-----\nMIIEpQIBAAKCAQEAvzitJWWmxvf220AQUpTYYbWH49GkID0NCOfhRhYne3AfbdZq\nXkJxHO2RVzHRlVP2s5DIwE3lz7HTK/7syz9vB/1TUsvznHaF8TbHn+M4YSxk8g7N\nQyBGPGCZtPXk8w4M1cwvPi33fkhdc25schDqsVKL2HwUr/H1Dht1c454tK+nDQ24\nLiEs35PzddiM6/kYqelwSK8dp3AjZFj0OnB6vQ/7P/H67thzyvDfvL2hWE3zch1h\nHMNkn81QVo/DGgVG4im1tmH7Onrb0z6G3acp5OVDIH6zKgsBsN+qo0H4jckzJU3P\niRAu3Z/f37DVIl4FIecRLjP4QYNXymSWAdTHNwIDAQABAoIBAQCOsLRDm77/6jkD\nEqMbfIabIuLsVZurkuMPKjkoG5AKxHgvdjiZbesKMxypfDtwut70z61+EqLSgVeb\nFPeOEx+/ToHG3vpCXw9EGCSOYvfHS2FoXzM8S/EdTNhl+LeHx4w8XclDFPoB+e4C\nHPw/gfAfsgE44h5tzJeYl1TljgL0kHRZCaWCByxA5pq3sjB4MJEdSlrbKJAdY1s8\nW689Dyj9YT0VNp3i1apoQ+lCqdHiM3+97hl68CeqAzM8jO6BGwiJ1nG/SbYg9RhR\n6h/8BcaFHwBmdPylMqFNnifawqS+gh+EqV4p4fD1cEFzKizhb8IV20rVE1zt7/ff\nuashz3CBAoGBAN7YqDtLHSjS6Y6ZZc7A65fnNb398TMXwUG2927kFH1wZzLJM/HT\nxIoqpmD5FhGOWPQLjVhrF9FC+52Oui/wmpR7j7FxES4Yxt9QRfpThi/8UwuDNAYc\nx/LKUfUWALhii01N9uL7iqsiHZsT/BUyqSbZFX4HpiDv/k1UyAb6VYTvAoGBANur\njLwv4Q6EwbN5ly0BtrmZpLQQWJion81eMgMtPlmd2Vk+exkt536YzbuUG19Qpndf\nn0fXLy84lGdGo87OaG1G0lLjOCYRBM3dX2QtzLRVgjubK2s1TRMrvSDWnKw/+jEE\nuwoaBYVJAhYKwVrS9DYSud5HGkoOqCVjeGcvZLI5AoGBAN3r4vVRY1ORXrf8uW9B\nnhzjSxjOuJIKGRIJVLWg+2rEMnFX/5vXKYXy3Uf7JmgLWziF/JfN5qUl0I9iYLZ3\nJGmz9zBdCh/e2sXvGhEldp9453ayjW983/5AT4gEBmmY8WLlvnTizYCJc/RI3aR6\nlAs06ntcwKtSdOyr/ps8V0gPAoGBALv35HpXgf4ZbWJ1Jf42HDRfG4eVASrIB84E\nz0jWmya2InjyNQWLuS4j9M+Q4YdDDN7S7QndQRvoD1z8HkllaAgx9OFGWxJ/t5us\n1OZ1JlgdX04/7fxT5LsFz1VdLz1ZlW4CfUYclCLEIUvZMjDUmHH4viFMuFsshYdQ\nwYOSE1lJAoGAXjaXIr90zitZLwxFqAcbgNELgR+68qZyWMC0Y1F/vBPCoeGdC4Jk\n6pltK5RsgdJlWejQcWAkw9Jx49cGWfpkeYuLDhROJhQCdu86VO5Llmqxmx8qgulz\n0M7grajYtoe8Hh8HizH1Wb5YWJXjrjq06eA5RwxHssfh9MRV2DoBmoU=\n-----END RSA PRIVATE KEY-----\n",
            "content_base64": null,
            "content_base64sha256": "B7kvh3EPw+0EkA14L/BhiWBRbaRoH+TAhwzEOlBmhgg=",
            "content_base64sha512": "mUshRkWaCZBTp4rAGiNh0OVsmdndIPXWtWceMUzka8mqGscrNIngLteP4NQwuwtINM4NFZzRdEoO34kGH8CMmw==",
            "content_md5": "a40a65ee3f326a18e7423fb2fb7d99da",
            "content_sha1": "e064127a9afd344dfd45c41c459e07f15f7722f2",
            "content_sha256": "07b92f87710fc3ed04900d782ff0618960516da4681fe4c0870cc43a50668608",
            "content_sha512": "994b2146459a099053a78ac01a2361d0e56c99d9dd20f5d6b5671e314ce46bc9aa1ac72b3489e02ed78fe0d430bb0b4834ce0d159cd1744a0edf89061fc08c9b",
            "directory_permission": "0777",
            "file_permission": "0777",
            "filename": "./private_key.pem",
            "id": "e064127a9afd344dfd45c41c459e07f15f7722f2",
            "sensitive_content": null,
            "source": null
          },
          "sensitive_attributes": [
            [
              {
                "type": "get_attr",
                "value": "content"
              }
            ]
          ],
          "dependencies": [
            "tls_private_key.ssh_key"
          ]
        }
      ]
    },
    {
      "mode": "managed",
      "type": "tls_private_key",
      "name": "ssh_key",
      "provider": "provider[\"registry.terraform.io/hashicorp/tls\"]",
      "instances": [
        {
          "schema_version": 1,
          "attributes": {
            "algorithm": "RSA",
            "ecdsa_curve": "P224",
            "id": "03c46c94cb0d8900843888b9210db61695f080b6",
            "private_key_openssh": "-----BEGIN OPENSSH PRIVATE KEY-----\nb3BlbnNzaC1rZXktdjEAAAAABG5vbmUAAAAEbm9uZQAAAAAAAAABAAABFwAAAAdz\nc2gtcnNhAAAAAwEAAQAAAQEAvzitJWWmxvf220AQUpTYYbWH49GkID0NCOfhRhYn\ne3AfbdZqXkJxHO2RVzHRlVP2s5DIwE3lz7HTK/7syz9vB/1TUsvznHaF8TbHn+M4\nYSxk8g7NQyBGPGCZtPXk8w4M1cwvPi33fkhdc25schDqsVKL2HwUr/H1Dht1c454\ntK+nDQ24LiEs35PzddiM6/kYqelwSK8dp3AjZFj0OnB6vQ/7P/H67thzyvDfvL2h\nWE3zch1hHMNkn81QVo/DGgVG4im1tmH7Onrb0z6G3acp5OVDIH6zKgsBsN+qo0H4\njckzJU3PiRAu3Z/f37DVIl4FIecRLjP4QYNXymSWAdTHNwAAA7g1NuHFNTbhxQAA\nAAdzc2gtcnNhAAABAQC/OK0lZabG9/bbQBBSlNhhtYfj0aQgPQ0I5+FGFid7cB9t\n1mpeQnEc7ZFXMdGVU/azkMjATeXPsdMr/uzLP28H/VNSy/OcdoXxNsef4zhhLGTy\nDs1DIEY8YJm09eTzDgzVzC8+Lfd+SF1zbmxyEOqxUovYfBSv8fUOG3Vzjni0r6cN\nDbguISzfk/N12Izr+Rip6XBIrx2ncCNkWPQ6cHq9D/s/8fru2HPK8N+8vaFYTfNy\nHWEcw2SfzVBWj8MaBUbiKbW2Yfs6etvTPobdpynk5UMgfrMqCwGw36qjQfiNyTMl\nTc+JEC7dn9/fsNUiXgUh5xEuM/hBg1fKZJYB1Mc3AAAAAwEAAQAAAQEAjrC0Q5u+\n/+o5AxKjG3yGmyLi7FWbq5LjDyo5KBuQCsR4L3Y4mW3rCjMcqXw7cLre9M+tfhKi\n0oFXmxT3jhMfv06Bxt76Ql8PRBgkjmL3x0thaF8zPEvxHUzYZfi3h8eMPF3JQxT6\nAfnuAhz8P4HwH7IBOOIebcyXmJdU5Y4C9JB0WQmlggcsQOaat7IweDCRHUpa2yiQ\nHWNbPFuvPQ8o/WE9FTad4tWqaEPpQqnR4jN/ve4ZevAnqgMzPIzugRsIidZxv0m2\nIPUYUeof/AXGhR8AZnT8pTKhTZ4n2sKkvoIfhKleKeHw9XBBcyos4W/CFdtK1RNc\n7e/337mrIc9wgQAAAIBeNpciv3TOK1kvDEWoBxuA0QuBH7rypnJYwLRjUX+8E8Kh\n4Z0LgmTqmW0rlGyB0mVZ6NBxYCTD0nHj1wZZ+mR5i4sOFE4mFAJ27zpU7kuWarGb\nHyqC6XPQzuCtqNi2h7weHweLMfVZvlhYleOuOrTp4DlHDEeyx+H0xFXYOgGahQAA\nAIEA3tioO0sdKNLpjpllzsDrl+c1vf3xMxfBQbb3buQUfXBnMskz8dPEiiqmYPkW\nEY5Y9AuNWGsX0UL7nY66L/CalHuPsXERLhjG31BF+lOGL/xTC4M0BhzH8spR9RYA\nuGKLTU324vuKqyIdmxP8FTKpJtkVfgemIO/+TVTIBvpVhO8AAACBANurjLwv4Q6E\nwbN5ly0BtrmZpLQQWJion81eMgMtPlmd2Vk+exkt536YzbuUG19Qpndfn0fXLy84\nlGdGo87OaG1G0lLjOCYRBM3dX2QtzLRVgjubK2s1TRMrvSDWnKw/+jEEuwoaBYVJ\nAhYKwVrS9DYSud5HGkoOqCVjeGcvZLI5AAAAAAEC\n-----END OPENSSH PRIVATE KEY-----\n",
            "private_key_pem": "-----BEGIN RSA PRIVATE KEY-----\nMIIEpQIBAAKCAQEAvzitJWWmxvf220AQUpTYYbWH49GkID0NCOfhRhYne3AfbdZq\nXkJxHO2RVzHRlVP2s5DIwE3lz7HTK/7syz9vB/1TUsvznHaF8TbHn+M4YSxk8g7N\nQyBGPGCZtPXk8w4M1cwvPi33fkhdc25schDqsVKL2HwUr/H1Dht1c454tK+nDQ24\nLiEs35PzddiM6/kYqelwSK8dp3AjZFj0OnB6vQ/7P/H67thzyvDfvL2hWE3zch1h\nHMNkn81QVo/DGgVG4im1tmH7Onrb0z6G3acp5OVDIH6zKgsBsN+qo0H4jckzJU3P\niRAu3Z/f37DVIl4FIecRLjP4QYNXymSWAdTHNwIDAQABAoIBAQCOsLRDm77/6jkD\nEqMbfIabIuLsVZurkuMPKjkoG5AKxHgvdjiZbesKMxypfDtwut70z61+EqLSgVeb\nFPeOEx+/ToHG3vpCXw9EGCSOYvfHS2FoXzM8S/EdTNhl+LeHx4w8XclDFPoB+e4C\nHPw/gfAfsgE44h5tzJeYl1TljgL0kHRZCaWCByxA5pq3sjB4MJEdSlrbKJAdY1s8\nW689Dyj9YT0VNp3i1apoQ+lCqdHiM3+97hl68CeqAzM8jO6BGwiJ1nG/SbYg9RhR\n6h/8BcaFHwBmdPylMqFNnifawqS+gh+EqV4p4fD1cEFzKizhb8IV20rVE1zt7/ff\nuashz3CBAoGBAN7YqDtLHSjS6Y6ZZc7A65fnNb398TMXwUG2927kFH1wZzLJM/HT\nxIoqpmD5FhGOWPQLjVhrF9FC+52Oui/wmpR7j7FxES4Yxt9QRfpThi/8UwuDNAYc\nx/LKUfUWALhii01N9uL7iqsiHZsT/BUyqSbZFX4HpiDv/k1UyAb6VYTvAoGBANur\njLwv4Q6EwbN5ly0BtrmZpLQQWJion81eMgMtPlmd2Vk+exkt536YzbuUG19Qpndf\nn0fXLy84lGdGo87OaG1G0lLjOCYRBM3dX2QtzLRVgjubK2s1TRMrvSDWnKw/+jEE\nuwoaBYVJAhYKwVrS9DYSud5HGkoOqCVjeGcvZLI5AoGBAN3r4vVRY1ORXrf8uW9B\nnhzjSxjOuJIKGRIJVLWg+2rEMnFX/5vXKYXy3Uf7JmgLWziF/JfN5qUl0I9iYLZ3\nJGmz9zBdCh/e2sXvGhEldp9453ayjW983/5AT4gEBmmY8WLlvnTizYCJc/RI3aR6\nlAs06ntcwKtSdOyr/ps8V0gPAoGBALv35HpXgf4ZbWJ1Jf42HDRfG4eVASrIB84E\nz0jWmya2InjyNQWLuS4j9M+Q4YdDDN7S7QndQRvoD1z8HkllaAgx9OFGWxJ/t5us\n1OZ1JlgdX04/7fxT5LsFz1VdLz1ZlW4CfUYclCLEIUvZMjDUmHH4viFMuFsshYdQ\nwYOSE1lJAoGAXjaXIr90zitZLwxFqAcbgNELgR+68qZyWMC0Y1F/vBPCoeGdC4Jk\n6pltK5RsgdJlWejQcWAkw9Jx49cGWfpkeYuLDhROJhQCdu86VO5Llmqxmx8qgulz\n0M7grajYtoe8Hh8HizH1Wb5YWJXjrjq06eA5RwxHssfh9MRV2DoBmoU=\n-----END RSA PRIVATE KEY-----\n",
            "private_key_pem_pkcs8": "-----BEGIN PRIVATE KEY-----\nMIIEvwIBADANBgkqhkiG9w0BAQEFAASCBKkwggSlAgEAAoIBAQC/OK0lZabG9/bb\nQBBSlNhhtYfj0aQgPQ0I5+FGFid7cB9t1mpeQnEc7ZFXMdGVU/azkMjATeXPsdMr\n/uzLP28H/VNSy/OcdoXxNsef4zhhLGTyDs1DIEY8YJm09eTzDgzVzC8+Lfd+SF1z\nbmxyEOqxUovYfBSv8fUOG3Vzjni0r6cNDbguISzfk/N12Izr+Rip6XBIrx2ncCNk\nWPQ6cHq9D/s/8fru2HPK8N+8vaFYTfNyHWEcw2SfzVBWj8MaBUbiKbW2Yfs6etvT\nPobdpynk5UMgfrMqCwGw36qjQfiNyTMlTc+JEC7dn9/fsNUiXgUh5xEuM/hBg1fK\nZJYB1Mc3AgMBAAECggEBAI6wtEObvv/qOQMSoxt8hpsi4uxVm6uS4w8qOSgbkArE\neC92OJlt6wozHKl8O3C63vTPrX4SotKBV5sU944TH79Ogcbe+kJfD0QYJI5i98dL\nYWhfMzxL8R1M2GX4t4fHjDxdyUMU+gH57gIc/D+B8B+yATjiHm3Ml5iXVOWOAvSQ\ndFkJpYIHLEDmmreyMHgwkR1KWtsokB1jWzxbrz0PKP1hPRU2neLVqmhD6UKp0eIz\nf73uGXrwJ6oDMzyM7oEbCInWcb9JtiD1GFHqH/wFxoUfAGZ0/KUyoU2eJ9rCpL6C\nH4SpXinh8PVwQXMqLOFvwhXbStUTXO3v99+5qyHPcIECgYEA3tioO0sdKNLpjpll\nzsDrl+c1vf3xMxfBQbb3buQUfXBnMskz8dPEiiqmYPkWEY5Y9AuNWGsX0UL7nY66\nL/CalHuPsXERLhjG31BF+lOGL/xTC4M0BhzH8spR9RYAuGKLTU324vuKqyIdmxP8\nFTKpJtkVfgemIO/+TVTIBvpVhO8CgYEA26uMvC/hDoTBs3mXLQG2uZmktBBYmKif\nzV4yAy0+WZ3ZWT57GS3nfpjNu5QbX1Cmd1+fR9cvLziUZ0ajzs5obUbSUuM4JhEE\nzd1fZC3MtFWCO5srazVNEyu9INacrD/6MQS7ChoFhUkCFgrBWtL0NhK53kcaSg6o\nJWN4Zy9ksjkCgYEA3evi9VFjU5Fet/y5b0GeHONLGM64kgoZEglUtaD7asQycVf/\nm9cphfLdR/smaAtbOIX8l83mpSXQj2JgtnckabP3MF0KH97axe8aESV2n3jndrKN\nb3zf/kBPiAQGaZjxYuW+dOLNgIlz9EjdpHqUCzTqe1zAq1J07Kv+mzxXSA8CgYEA\nu/fkeleB/hltYnUl/jYcNF8bh5UBKsgHzgTPSNabJrYiePI1BYu5LiP0z5Dhh0MM\n3tLtCd1BG+gPXPweSWVoCDH04UZbEn+3m6zU5nUmWB1fTj/t/FPkuwXPVV0vPVmV\nbgJ9RhyUIsQhS9kyMNSYcfi+IUy4WyyFh1DBg5ITWUkCgYBeNpciv3TOK1kvDEWo\nBxuA0QuBH7rypnJYwLRjUX+8E8Kh4Z0LgmTqmW0rlGyB0mVZ6NBxYCTD0nHj1wZZ\n+mR5i4sOFE4mFAJ27zpU7kuWarGbHyqC6XPQzuCtqNi2h7weHweLMfVZvlhYleOu\nOrTp4DlHDEeyx+H0xFXYOgGahQ==\n-----END PRIVATE KEY-----\n",
            "public_key_fingerprint_md5": "c3:25:47:39:82:0c:cf:ee:e1:77:09:fc:67:d7:b7:ce",
            "public_key_fingerprint_sha256": "SHA256:o1RGwsWXmIi+5Ur2fhGOzL/kd0pgmmVNh8AUDs5727Y",
            "public_key_openssh": "ssh-rsa AAAAB3NzaC1yc2EAAAADAQABAAABAQC/OK0lZabG9/bbQBBSlNhhtYfj0aQgPQ0I5+FGFid7cB9t1mpeQnEc7ZFXMdGVU/azkMjATeXPsdMr/uzLP28H/VNSy/OcdoXxNsef4zhhLGTyDs1DIEY8YJm09eTzDgzVzC8+Lfd+SF1zbmxyEOqxUovYfBSv8fUOG3Vzjni0r6cNDbguISzfk/N12Izr+Rip6XBIrx2ncCNkWPQ6cHq9D/s/8fru2HPK8N+8vaFYTfNyHWEcw2SfzVBWj8MaBUbiKbW2Yfs6etvTPobdpynk5UMgfrMqCwGw36qjQfiNyTMlTc+JEC7dn9/fsNUiXgUh5xEuM/hBg1fKZJYB1Mc3\n",
            "public_key_pem": "-----BEGIN PUBLIC KEY-----\nMIIBIjANBgkqhkiG9w0BAQEFAAOCAQ8AMIIBCgKCAQEAvzitJWWmxvf220AQUpTY\nYbWH49GkID0NCOfhRhYne3AfbdZqXkJxHO2RVzHRlVP2s5DIwE3lz7HTK/7syz9v\nB/1TUsvznHaF8TbHn+M4YSxk8g7NQyBGPGCZtPXk8w4M1cwvPi33fkhdc25schDq\nsVKL2HwUr/H1Dht1c454tK+nDQ24LiEs35PzddiM6/kYqelwSK8dp3AjZFj0OnB6\nvQ/7P/H67thzyvDfvL2hWE3zch1hHMNkn81QVo/DGgVG4im1tmH7Onrb0z6G3acp\n5OVDIH6zKgsBsN+qo0H4jckzJU3PiRAu3Z/f37DVIl4FIecRLjP4QYNXymSWAdTH\nNwIDAQAB\n-----END PUBLIC KEY-----\n",
            "rsa_bits": 2048
          },
          "sensitive_attributes": []
        }
      ]
    }
  ],
  "check_results": null
}
